{
  "name": "roughjs-typescript-example",
  "version": "1.0.0",
  "lockfileVersion": 1,
  "requires": true,
  "dependencies": {
    "path-data-parser": {
      "version": "0.1.0",
      "resolved": "https://registry.npmjs.org/path-data-parser/-/path-data-parser-0.1.0.tgz",
      "integrity": "sha512-NOnmBpt5Y2RWbuv0LMzsayp3lVylAHLPUTut412ZA3l+C4uw4ZVkQbjShYCQ8TCpUMdPapr4YjUqLYD6v68j+w=="
    },
    "points-on-curve": {
      "version": "0.2.0",
      "resolved": "https://registry.npmjs.org/points-on-curve/-/points-on-curve-0.2.0.tgz",
      "integrity": "sha512-0mYKnYYe9ZcqMCWhUjItv/oHjvgEsfKvnUTg8sAtnHr3GVy7rGkXCb6d5cSyqrWqL4k81b9CPg3urd+T7aop3A=="
    },
    "points-on-path": {
      "version": "0.2.0",
      "resolved": "https://registry.npmjs.org/points-on-path/-/points-on-path-0.2.0.tgz",
      "integrity": "sha512-X+uusxIDk/DZBC1w6gYCThB9GiSI7wlatxPYmme4wmcWnHFGanxdFBtuZQj1YeYhxXESJ5/Ym/h7DWDMw4A9mA==",
      "requires": {
        "path-data-parser": "0.1.0",
        "points-on-curve": "0.2.0"
      }
    },
    "roughjs": {
      "version": "4.2.1",
      "resolved": "https://registry.npmjs.org/roughjs/-/roughjs-4.2.1.tgz",
      "integrity": "sha512-OFUpA5smxcA6fE+uX4Nc6cvXMhYJ+/YscePoRyWpH36EJP/2GCtBi9VnhBFIO8lIfTtD0smLoWjVPFFKUMEfpA==",
      "requires": {
        "path-data-parser": "^0.1.0",
        "points-on-curve": "^0.2.0",
        "points-on-path": "^0.2.0"
      }
    },
    "typescript": {
      "version": "3.8.3",
      "resolved": "https://registry.npmjs.org/typescript/-/typescript-3.8.3.tgz",
      "integrity": "sha512-MYlEfn5VrLNsgudQTVJeNaQFUAI7DkhnOjdpAp4T+ku1TfQClewlbSuTVHiA+8skNBgaf02TL/kLOvig4y3G8w==",
      "dev": true
    }
  }
}
